// !$*UTF8*$!
{
	archiveVersion = 1;
	classes = {
	};
	objectVersion = 48;
	objects = {

/* Begin PBXBuildFile section */
		2913D83A1FF9428C009A444E /* AppDelegate.swift in Sources */ = {isa = PBXBuildFile; fileRef = 2913D8391FF9428C009A444E /* AppDelegate.swift */; };
		2913D83C1FF9428C009A444E /* ViewController.swift in Sources */ = {isa = PBXBuildFile; fileRef = 2913D83B1FF9428C009A444E /* ViewController.swift */; };
		2913D83F1FF9428C009A444E /* Main.storyboard in Resources */ = {isa = PBXBuildFile; fileRef = 2913D83D1FF9428C009A444E /* Main.storyboard */; };
		2913D8411FF9428C009A444E /* Assets.xcassets in Resources */ = {isa = PBXBuildFile; fileRef = 2913D8401FF9428C009A444E /* Assets.xcassets */; };
		2913D8441FF9428C009A444E /* LaunchScreen.storyboard in Resources */ = {isa = PBXBuildFile; fileRef = 2913D8421FF9428C009A444E /* LaunchScreen.storyboard */; };
		2913D84F1FF9428D009A444E /* FoodTrackerTests.swift in Sources */ = {isa = PBXBuildFile; fileRef = 2913D84E1FF9428D009A444E /* FoodTrackerTests.swift */; };
		2913D85A1FF9428D009A444E /* FoodTrackerUITests.swift in Sources */ = {isa = PBXBuildFile; fileRef = 2913D8591FF9428D009A444E /* FoodTrackerUITests.swift */; };
/* End PBXBuildFile section */

/* Begin PBXContainerItemProxy section */
		2913D84B1FF9428D009A444E /* PBXContainerItemProxy */ = {
			isa = PBXContainerItemProxy;
			containerPortal = 2913D82E1FF9428C009A444E /* Project object */;
			proxyType = 1;
			remoteGlobalIDString = 2913D8351FF9428C009A444E;
			remoteInfo = FoodTracker;
		};
		2913D8561FF9428D009A444E /* PBXContainerItemProxy */ = {
			isa = PBXContainerItemProxy;
			containerPortal = 2913D82E1FF9428C009A444E /* Project object */;
			proxyType = 1;
			remoteGlobalIDString = 2913D8351FF9428C009A444E;
			remoteInfo = FoodTracker;
		};
/* End PBXContainerItemProxy section */

/* Begin PBXFileReference section */
		2913D8361FF9428C009A444E /* FoodTracker.app */ = {isa = PBXFileReference; explicitFileType = wrapper.application; includeInIndex = 0; path = FoodTracker.app; sourceTree = BUILT_PRODUCTS_DIR; };
		2913D8391FF9428C009A444E /* AppDelegate.swift */ = {isa = PBXFileReference; lastKnownFileType = sourcecode.swift; path = AppDelegate.swift; sourceTree = "<group>"; };
		2913D83B1FF9428C009A444E /* ViewController.swift */ = {isa = PBXFileReference; lastKnownFileType = sourcecode.swift; path = ViewController.swift; sourceTree = "<group>"; };
		2913D83E1FF9428C009A444E /* Base */ = {isa = PBXFileReference; lastKnownFileType = file.storyboard; name = Base; path = Base.lproj/Main.storyboard; sourceTree = "<group>"; };
		2913D8401FF9428C009A444E /* Assets.xcassets */ = {isa = PBXFileReference; lastKnownFileType = folder.assetcatalog; path = Assets.xcassets; sourceTree = "<group>"; };
		2913D8431FF9428C009A444E /* Base */ = {isa = PBXFileReference; lastKnownFileType = file.storyboard; name = Base; path = Base.lproj/LaunchScreen.storyboard; sourceTree = "<group>"; };
		2913D8451FF9428C009A444E /* Info.plist */ = {isa = PBXFileReference; lastKnownFileType = text.plist.xml; path = Info.plist; sourceTree = "<group>"; };
		2913D84A1FF9428D009A444E /* FoodTrackerTests.xctest */ = {isa = PBXFileReference; explicitFileType = wrapper.cfbundle; includeInIndex = 0; path = FoodTrackerTests.xctest; sourceTree = BUILT_PRODUCTS_DIR; };
		2913D84E1FF9428D009A444E /* FoodTrackerTests.swift */ = {isa = PBXFileReference; lastKnownFileType = sourcecode.swift; path = FoodTrackerTests.swift; sourceTree = "<group>"; };
		2913D8501FF9428D009A444E /* Info.plist */ = {isa = PBXFileReference; lastKnownFileType = text.plist.xml; path = Info.plist; sourceTree = "<group>"; };
		2913D8551FF9428D009A444E /* FoodTrackerUITests.xctest */ = {isa = PBXFileReference; explicitFileType = wrapper.cfbundle; includeInIndex = 0; path = FoodTrackerUITests.xctest; sourceTree = BUILT_PRODUCTS_DIR; };
		2913D8591FF9428D009A444E /* FoodTrackerUITests.swift */ = {isa = PBXFileReference; lastKnownFileType = sourcecode.swift; path = FoodTrackerUITests.swift; sourceTree = "<group>"; };
		2913D85B1FF9428D009A444E /* Info.plist */ = {isa = PBXFileReference; lastKnownFileType = text.plist.xml; path = Info.plist; sourceTree = "<group>"; };
/* End PBXFileReference section */

/* Begin PBXFrameworksBuildPhase section */
		2913D8331FF9428C009A444E /* Frameworks */ = {
			isa = PBXFrameworksBuildPhase;
			buildActionMask = 2147483647;
			files = (
			);
			runOnlyForDeploymentPostprocessing = 0;
		};
		2913D8471FF9428D009A444E /* Frameworks */ = {
			isa = PBXFrameworksBuildPhase;
			buildActionMask = 2147483647;
			files = (
			);
			runOnlyForDeploymentPostprocessing = 0;
		};
		2913D8521FF9428D009A444E /* Frameworks */ = {
			isa = PBXFrameworksBuildPhase;
			buildActionMask = 2147483647;
			files = (
			);
			runOnlyForDeploymentPostprocessing = 0;
		};
/* End PBXFrameworksBuildPhase section */

/* Begin PBXGroup section */
		2913D82D1FF9428C009A444E = {
			isa = PBXGroup;
			children = (
				2913D8381FF9428C009A444E /* FoodTracker */,
				2913D84D1FF9428D009A444E /* FoodTrackerTests */,
				2913D8581FF9428D009A444E /* FoodTrackerUITests */,
				2913D8371FF9428C009A444E /* Products */,
			);
			sourceTree = "<group>";
		};
		2913D8371FF9428C009A444E /* Products */ = {
			isa = PBXGroup;
			children = (
				2913D8361FF9428C009A444E /* FoodTracker.app */,
				2913D84A1FF9428D009A444E /* FoodTrackerTests.xctest */,
				2913D8551FF9428D009A444E /* FoodTrackerUITests.xctest */,
			);
			name = Products;
			sourceTree = "<group>";
		};
		2913D8381FF9428C009A444E /* FoodTracker */ = {
			isa = PBXGroup;
			children = (
				2913D8391FF9428C009A444E /* AppDelegate.swift */,
				2913D83B1FF9428C009A444E /* ViewController.swift */,
				2913D83D1FF9428C009A444E /* Main.storyboard */,
				2913D8401FF9428C009A444E /* Assets.xcassets */,
				2913D8421FF9428C009A444E /* LaunchScreen.storyboard */,
				2913D8451FF9428C009A444E /* Info.plist */,
			);
			path = FoodTracker;
			sourceTree = "<group>";
		};
		2913D84D1FF9428D009A444E /* FoodTrackerTests */ = {
			isa = PBXGroup;
			children = (
				2913D84E1FF9428D009A444E /* FoodTrackerTests.swift */,
				2913D8501FF9428D009A444E /* Info.plist */,
			);
			path = FoodTrackerTests;
			sourceTree = "<group>";
		};
		2913D8581FF9428D009A444E /* FoodTrackerUITests */ = {
			isa = PBXGroup;
			children = (
				2913D8591FF9428D009A444E /* FoodTrackerUITests.swift */,
				2913D85B1FF9428D009A444E /* Info.plist */,
			);
			path = FoodTrackerUITests;
			sourceTree = "<group>";
		};
/* End PBXGroup section */

/* Begin PBXNativeTarget section */
		2913D8351FF9428C009A444E /* FoodTracker */ = {
			isa = PBXNativeTarget;
			buildConfigurationList = 2913D85E1FF9428D009A444E /* Build configuration list for PBXNativeTarget "FoodTracker" */;
			buildPhases = (
				2913D8321FF9428C009A444E /* Sources */,
				2913D8331FF9428C009A444E /* Frameworks */,
				2913D8341FF9428C009A444E /* Resources */,
			);
			buildRules = (
			);
			dependencies = (
			);
			name = FoodTracker;
			productName = FoodTracker;
			productReference = 2913D8361FF9428C009A444E /* FoodTracker.app */;
			productType = "com.apple.product-type.application";
		};
		2913D8491FF9428D009A444E /* FoodTrackerTests */ = {
			isa = PBXNativeTarget;
			buildConfigurationList = 2913D8611FF9428D009A444E /* Build configuration list for PBXNativeTarget "FoodTrackerTests" */;
			buildPhases = (
				2913D8461FF9428D009A444E /* Sources */,
				2913D8471FF9428D009A444E /* Frameworks */,
				2913D8481FF9428D009A444E /* Resources */,
			);
			buildRules = (
			);
			dependencies = (
				2913D84C1FF9428D009A444E /* PBXTargetDependency */,
			);
			name = FoodTrackerTests;
			productName = FoodTrackerTests;
			productReference = 2913D84A1FF9428D009A444E /* FoodTrackerTests.xctest */;
			productType = "com.apple.product-type.bundle.unit-test";
		};
		2913D8541FF9428D009A444E /* FoodTrackerUITests */ = {
			isa = PBXNativeTarget;
			buildConfigurationList = 2913D8641FF9428D009A444E /* Build configuration list for PBXNativeTarget "FoodTrackerUITests" */;
			buildPhases = (
				2913D8511FF9428D009A444E /* Sources */,
				2913D8521FF9428D009A444E /* Frameworks */,
				2913D8531FF9428D009A444E /* Resources */,
			);
			buildRules = (
			);
			dependencies = (
				2913D8571FF9428D009A444E /* PBXTargetDependency */,
			);
			name = FoodTrackerUITests;
			productName = FoodTrackerUITests;
			productReference = 2913D8551FF9428D009A444E /* FoodTrackerUITests.xctest */;
			productType = "com.apple.product-type.bundle.ui-testing";
		};
/* End PBXNativeTarget section */

/* Begin PBXProject section */
		2913D82E1FF9428C009A444E /* Project object */ = {
			isa = PBXProject;
			attributes = {
				LastSwiftUpdateCheck = 0920;
				LastUpgradeCheck = 0920;
				ORGANIZATIONNAME = "Shawn Klein";
				TargetAttributes = {
					2913D8351FF9428C009A444E = {
						CreatedOnToolsVersion = 9.2;
						ProvisioningStyle = Automatic;
					};
					2913D8491FF9428D009A444E = {
						CreatedOnToolsVersion = 9.2;
						ProvisioningStyle = Automatic;
						TestTargetID = 2913D8351FF9428C009A444E;
					};
					2913D8541FF9428D009A444E = {
						CreatedOnToolsVersion = 9.2;
						ProvisioningStyle = Automatic;
						TestTargetID = 2913D8351FF9428C009A444E;
					};
				};
			};
			buildConfigurationList = 2913D8311FF9428C009A444E /* Build configuration list for PBXProject "FoodTracker" */;
			compatibilityVersion = "Xcode 8.0";
			developmentRegion = en;
			hasScannedForEncodings = 0;
			knownRegions = (
				en,
				Base,
			);
			mainGroup = 2913D82D1FF9428C009A444E;
			productRefGroup = 2913D8371FF9428C009A444E /* Products */;
			projectDirPath = "";
			projectRoot = "";
			targets = (
				2913D8351FF9428C009A444E /* FoodTracker */,
				2913D8491FF9428D009A444E /* FoodTrackerTests */,
				2913D8541FF9428D009A444E /* FoodTrackerUITests */,
			);
		};
/* End PBXProject section */

/* Begin PBXResourcesBuildPhase section */
		2913D8341FF9428C009A444E /* Resources */ = {
			isa = PBXResourcesBuildPhase;
			buildActionMask = 2147483647;
			files = (
				2913D8441FF9428C009A444E /* LaunchScreen.storyboard in Resources */,
				2913D8411FF9428C009A444E /* Assets.xcassets in Resources */,
				2913D83F1FF9428C009A444E /* Main.storyboard in Resources */,
			);
			runOnlyForDeploymentPostprocessing = 0;
		};
		2913D8481FF9428D009A444E /* Resources */ = {
			isa = PBXResourcesBuildPhase;
			buildActionMask = 2147483647;
			files = (
			);
			runOnlyForDeploymentPostprocessing = 0;
		};
		2913D8531FF9428D009A444E /* Resources */ = {
			isa = PBXResourcesBuildPhase;
			buildActionMask = 2147483647;
			files = (
			);
			runOnlyForDeploymentPostprocessing = 0;
		};
/* End PBXResourcesBuildPhase section */

/* Begin PBXSourcesBuildPhase section */
		2913D8321FF9428C009A444E /* Sources */ = {
			isa = PBXSourcesBuildPhase;
			buildActionMask = 2147483647;
			files = (
				2913D83C1FF9428C009A444E /* ViewController.swift in Sources */,
				2913D83A1FF9428C009A444E /* AppDelegate.swift in Sources */,
			);
			runOnlyForDeploymentPostprocessing = 0;
		};
		2913D8461FF9428D009A444E /* Sources */ = {
			isa = PBXSourcesBuildPhase;
			buildActionMask = 2147483647;
			files = (
				2913D84F1FF9428D009A444E /* FoodTrackerTests.swift in Sources */,
			);
			runOnlyForDeploymentPostprocessing = 0;
		};
		2913D8511FF9428D009A444E /* Sources */ = {
			isa = PBXSourcesBuildPhase;
			buildActionMask = 2147483647;
			files = (
				2913D85A1FF9428D009A444E /* FoodTrackerUITests.swift in Sources */,
			);
			runOnlyForDeploymentPostprocessing = 0;
		};
/* End PBXSourcesBuildPhase section */

/* Begin PBXTargetDependency section */
		2913D84C1FF9428D009A444E /* PBXTargetDependency */ = {
			isa = PBXTargetDependency;
			target = 2913D8351FF9428C009A444E /* FoodTracker */;
			targetProxy = 2913D84B1FF9428D009A444E /* PBXContainerItemProxy */;
		};
		2913D8571FF9428D009A444E /* PBXTargetDependency */ = {
			isa = PBXTargetDependency;
			target = 2913D8351FF9428C009A444E /* FoodTracker */;
			targetProxy = 2913D8561FF9428D009A444E /* PBXContainerItemProxy */;
		};
/* End PBXTargetDependency section */

/* Begin PBXVariantGroup section */
		2913D83D1FF9428C009A444E /* Main.storyboard */ = {
			isa = PBXVariantGroup;
			children = (
				2913D83E1FF9428C009A444E /* Base */,
			);
			name = Main.storyboard;
			sourceTree = "<group>";
		};
		2913D8421FF9428C009A444E /* LaunchScreen.storyboard */ = {
			isa = PBXVariantGroup;
			children = (
				2913D8431FF9428C009A444E /* Base */,
			);
			name = LaunchScreen.storyboard;
			sourceTree = "<group>";
		};
/* End PBXVariantGroup section */

/* Begin XCBuildConfiguration section */
		2913D85C1FF9428D009A444E /* Debug */ = {
			isa = XCBuildConfiguration;
			buildSettings = {
				ALWAYS_SEARCH_USER_PATHS = NO;
				CLANG_ANALYZER_NONNULL = YES;
				CLANG_ANALYZER_NUMBER_OBJECT_CONVERSION = YES_AGGRESSIVE;
				CLANG_CXX_LANGUAGE_STANDARD = "gnu++14";
				CLANG_CXX_LIBRARY = "libc++";
				CLANG_ENABLE_MODULES = YES;
				CLANG_ENABLE_OBJC_ARC = YES;
				CLANG_WARN_BLOCK_CAPTURE_AUTORELEASING = YES;
				CLANG_WARN_BOOL_CONVERSION = YES;
				CLANG_WARN_COMMA = YES;
				CLANG_WARN_CONSTANT_CONVERSION = YES;
				CLANG_WARN_DIRECT_OBJC_ISA_USAGE = YES_ERROR;
				CLANG_WARN_DOCUMENTATION_COMMENTS = YES;
				CLANG_WARN_EMPTY_BODY = YES;
				CLANG_WARN_ENUM_CONVERSION = YES;
				CLANG_WARN_INFINITE_RECURSION = YES;
				CLANG_WARN_INT_CONVERSION = YES;
				CLANG_WARN_NON_LITERAL_NULL_CONVERSION = YES;
				CLANG_WARN_OBJC_LITERAL_CONVERSION = YES;
				CLANG_WARN_OBJC_ROOT_CLASS = YES_ERROR;
				CLANG_WARN_RANGE_LOOP_ANALYSIS = YES;
				CLANG_WARN_STRICT_PROTOTYPES = YES;
				CLANG_WARN_SUSPICIOUS_MOVE = YES;
				CLANG_WARN_UNGUARDED_AVAILABILITY = YES_AGGRESSIVE;
				CLANG_WARN_UNREACHABLE_CODE = YES;
				CLANG_WARN__DUPLICATE_METHOD_MATCH = YES;
				CODE_SIGN_IDENTITY = "iPhone Developer";
				COPY_PHASE_STRIP = NO;
				DEBUG_INFORMATION_FORMAT = dwarf;
				ENABLE_STRICT_OBJC_MSGSEND = YES;
				ENABLE_TESTABILITY = YES;
				GCC_C_LANGUAGE_STANDARD = gnu11;
				GCC_DYNAMIC_NO_PIC = NO;
				GCC_NO_COMMON_BLOCKS = YES;
				GCC_OPTIMIZATION_LEVEL = 0;
				GCC_PREPROCESSOR_DEFINITIONS = (
					"DEBUG=1",
					"$(inherited)",
				);
				GCC_WARN_64_TO_32_BIT_CONVERSION = YES;
				GCC_WARN_ABOUT_RETURN_TYPE = YES_ERROR;
				GCC_WARN_UNDECLARED_SELECTOR = YES;
				GCC_WARN_UNINITIALIZED_AUTOS = YES_AGGRESSIVE;
				GCC_WARN_UNUSED_FUNCTION = YES;
				GCC_WARN_UNUSED_VARIABLE = YES;
				IPHONEOS_DEPLOYMENT_TARGET = 11.2;
				MTL_ENABLE_DEBUG_INFO = YES;
				ONLY_ACTIVE_ARCH = YES;
				SDKROOT = iphoneos;
				SWIFT_ACTIVE_COMPILATION_CONDITIONS = DEBUG;
				SWIFT_OPTIMIZATION_LEVEL = "-Onone";
			};
			name = Debug;
		};
		2913D85D1FF9428D009A444E /* Release */ = {
			isa = XCBuildConfiguration;
			buildSettings = {
				ALWAYS_SEARCH_USER_PATHS = NO;
				CLANG_ANALYZER_NONNULL = YES;
				CLANG_ANALYZER_NUMBER_OBJECT_CONVERSION = YES_AGGRESSIVE;
				CLANG_CXX_LANGUAGE_STANDARD = "gnu++14";
				CLANG_CXX_LIBRARY = "libc++";
				CLANG_ENABLE_MODULES = YES;
				CLANG_ENABLE_OBJC_ARC = YES;
				CLANG_WARN_BLOCK_CAPTURE_AUTORELEASING = YES;
				CLANG_WARN_BOOL_CONVERSION = YES;
				CLANG_WARN_COMMA = YES;
				CLANG_WARN_CONSTANT_CONVERSION = YES;
				CLANG_WARN_DIRECT_OBJC_ISA_USAGE = YES_ERROR;
				CLANG_WARN_DOCUMENTATION_COMMENTS = YES;
				CLANG_WARN_EMPTY_BODY = YES;
				CLANG_WARN_ENUM_CONVERSION = YES;
				CLANG_WARN_INFINITE_RECURSION = YES;
				CLANG_WARN_INT_CONVERSION = YES;
				CLANG_WARN_NON_LITERAL_NULL_CONVERSION = YES;
				CLANG_WARN_OBJC_LITERAL_CONVERSION = YES;
				CLANG_WARN_OBJC_ROOT_CLASS = YES_ERROR;
				CLANG_WARN_RANGE_LOOP_ANALYSIS = YES;
				CLANG_WARN_STRICT_PROTOTYPES = YES;
				CLANG_WARN_SUSPICIOUS_MOVE = YES;
				CLANG_WARN_UNGUARDED_AVAILABILITY = YES_AGGRESSIVE;
				CLANG_WARN_UNREACHABLE_CODE = YES;
				CLANG_WARN__DUPLICATE_METHOD_MATCH = YES;
				CODE_SIGN_IDENTITY = "iPhone Developer";
				COPY_PHASE_STRIP = NO;
				DEBUG_INFORMATION_FORMAT = "dwarf-with-dsym";
				ENABLE_NS_ASSERTIONS = NO;
				ENABLE_STRICT_OBJC_MSGSEND = YES;
				GCC_C_LANGUAGE_STANDARD = gnu11;
				GCC_NO_COMMON_BLOCKS = YES;
				GCC_WARN_64_TO_32_BIT_CONVERSION = YES;
				GCC_WARN_ABOUT_RETURN_TYPE = YES_ERROR;
				GCC_WARN_UNDECLARED_SELECTOR = YES;
				GCC_WARN_UNINITIALIZED_AUTOS = YES_AGGRESSIVE;
				GCC_WARN_UNUSED_FUNCTION = YES;
				GCC_WARN_UNUSED_VARIABLE = YES;
				IPHONEOS_DEPLOYMENT_TARGET = 11.2;
				MTL_ENABLE_DEBUG_INFO = NO;
				SDKROOT = iphoneos;
				SWIFT_OPTIMIZATION_LEVEL = "-Owholemodule";
				VALIDATE_PRODUCT = YES;
			};
			name = Release;
		};
		2913D85F1FF9428D009A444E /* Debug */ = {
			isa = XCBuildConfiguration;
			buildSettings = {
				ASSETCATALOG_COMPILER_APPICON_NAME = AppIcon;
				CODE_SIGN_STYLE = Automatic;
				DEVELOPMENT_TEAM = K542JDSF9F;
				INFOPLIST_FILE = FoodTracker/Info.plist;
				LD_RUNPATH_SEARCH_PATHS = "$(inherited) @executable_path/Frameworks";
				PRODUCT_BUNDLE_IDENTIFIER = net.ShawnKlein.FoodTracker;
				PRODUCT_NAME = "$(TARGET_NAME)";
				SWIFT_VERSION = 4.0;
				TARGETED_DEVICE_FAMILY = "1,2";
			};
			name = Debug;
		};
		2913D8601FF9428D009A444E /* Release */ = {
			isa = XCBuildConfiguration;
			buildSettings = {
				ASSETCATALOG_COMPILER_APPICON_NAME = AppIcon;
				CODE_SIGN_STYLE = Automatic;
				DEVELOPMENT_TEAM = K542JDSF9F;
				INFOPLIST_FILE = FoodTracker/Info.plist;
				LD_RUNPATH_SEARCH_PATHS = "$(inherited) @executable_path/Frameworks";
				PRODUCT_BUNDLE_IDENTIFIER = net.ShawnKlein.FoodTracker;
				PRODUCT_NAME = "$(TARGET_NAME)";
				SWIFT_VERSION = 4.0;
				TARGETED_DEVICE_FAMILY = "1,2";
			};
			name = Release;
		};
		2913D8621FF9428D009A444E /* Debug */ = {
			isa = XCBuildConfiguration;
			buildSettings = {
				ALWAYS_EMBED_SWIFT_STANDARD_LIBRARIES = YES;
				BUNDLE_LOADER = "$(TEST_HOST)";
				CODE_SIGN_STYLE = Automatic;
				INFOPLIST_FILE = FoodTrackerTests/Info.plist;
				LD_RUNPATH_SEARCH_PATHS = "$(inherited) @executable_path/Frameworks @loader_path/Frameworks";
				PRODUCT_BUNDLE_IDENTIFIER = net.ShawnKlein.FoodTrackerTests;
				PRODUCT_NAME = "$(TARGET_NAME)";
				SWIFT_VERSION = 4.0;
				TARGETED_DEVICE_FAMILY = "1,2";
				TEST_HOST = "$(BUILT_PRODUCTS_DIR)/FoodTracker.app/FoodTracker";
			};
			name = Debug;
		};
		2913D8631FF9428D009A444E /* Release */ = {
			isa = XCBuildConfiguration;
			buildSettings = {
				ALWAYS_EMBED_SWIFT_STANDARD_LIBRARIES = YES;
				BUNDLE_LOADER = "$(TEST_HOST)";
				CODE_SIGN_STYLE = Automatic;
				INFOPLIST_FILE = FoodTrackerTests/Info.plist;
				LD_RUNPATH_SEARCH_PATHS = "$(inherited) @executable_path/Frameworks @loader_path/Frameworks";
				PRODUCT_BUNDLE_IDENTIFIER = net.ShawnKlein.FoodTrackerTests;
				PRODUCT_NAME = "$(TARGET_NAME)";
				SWIFT_VERSION = 4.0;
				TARGETED_DEVICE_FAMILY = "1,2";
				TEST_HOST = "$(BUILT_PRODUCTS_DIR)/FoodTracker.app/FoodTracker";
			};
			name = Release;
		};
		2913D8651FF9428D009A444E /* Debug */ = {
			isa = XCBuildConfiguration;
			buildSettings = {
				ALWAYS_EMBED_SWIFT_STANDARD_LIBRARIES = YES;
				CODE_SIGN_STYLE = Automatic;
				INFOPLIST_FILE = FoodTrackerUITests/Info.plist;
				LD_RUNPATH_SEARCH_PATHS = "$(inherited) @executable_path/Frameworks @loader_path/Frameworks";
				PRODUCT_BUNDLE_IDENTIFIER = net.ShawnKlein.FoodTrackerUITests;
				PRODUCT_NAME = "$(TARGET_NAME)";
				SWIFT_VERSION = 4.0;
				TARGETED_DEVICE_FAMILY = "1,2";
				TEST_TARGET_NAME = FoodTracker;
			};
			name = Debug;
		};
		2913D8661FF9428D009A444E /* Release */ = {
			isa = XCBuildConfiguration;
			buildSettings = {
				ALWAYS_EMBED_SWIFT_STANDARD_LIBRARIES = YES;
				CODE_SIGN_STYLE = Automatic;
				INFOPLIST_FILE = FoodTrackerUITests/Info.plist;
				LD_RUNPATH_SEARCH_PATHS = "$(inherited) @executable_path/Frameworks @loader_path/Frameworks";
				PRODUCT_BUNDLE_IDENTIFIER = net.ShawnKlein.FoodTrackerUITests;
				PRODUCT_NAME = "$(TARGET_NAME)";
				SWIFT_VERSION = 4.0;
				TARGETED_DEVICE_FAMILY = "1,2";
				TEST_TARGET_NAME = FoodTracker;
			};
			name = Release;
		};
/* End XCBuildConfiguration section */

/* Begin XCConfigurationList section */
		2913D8311FF9428C009A444E /* Build configuration list for PBXProject "FoodTracker" */ = {
			isa = XCConfigurationList;
			buildConfigurations = (
				2913D85C1FF9428D009A444E /* Debug */,
				2913D85D1FF9428D009A444E /* Release */,
			);
			defaultConfigurationIsVisible = 0;
			defaultConfigurationName = Release;
		};
		2913D85E1FF9428D009A444E /* Build configuration list for PBXNativeTarget "FoodTracker" */ = {
			isa = XCConfigurationList;
			buildConfigurations = (
				2913D85F1FF9428D009A444E /* Debug */,
				2913D8601FF9428D009A444E /* Release */,
			);
			defaultConfigurationIsVisible = 0;
			defaultConfigurationName = Release;
		};
		2913D8611FF9428D009A444E /* Build configuration list for PBXNativeTarget "FoodTrackerTests" */ = {
			isa = XCConfigurationList;
			buildConfigurations = (
				2913D8621FF9428D009A444E /* Debug */,
				2913D8631FF9428D009A444E /* Release */,
			);
			defaultConfigurationIsVisible = 0;
			defaultConfigurationName = Release;
		};
		2913D8641FF9428D009A444E /* Build configuration list for PBXNativeTarget "FoodTrackerUITests" */ = {
			isa = XCConfigurationList;
			buildConfigurations = (
				2913D8651FF9428D009A444E /* Debug */,
				2913D8661FF9428D009A444E /* Release */,
			);
			defaultConfigurationIsVisible = 0;
			defaultConfigurationName = Release;
		};
/* End XCConfigurationList section */
	};
	rootObject = 2913D82E1FF9428C009A444E /* Project object */;
}
